{
  "name": "bobo-ballot",
  "lockfileVersion": 3,
  "requires": true,
  "packages": {
    "": {
      "dependencies": {
        "wavesurfer.js": "^7.7.15"
      }
    },
    "node_modules/wavesurfer.js": {
      "version": "7.7.15",
      "resolved": "https://registry.npmjs.org/wavesurfer.js/-/wavesurfer.js-7.7.15.tgz",
      "integrity": "sha512-qJE7sZ5qnFG9wBtU9+jBpYn7faWXZHEz1I25Xnf4EhGqqS2rFj/hxTtbIaETynalPajxC1xXd/9TnDHWO+mARA==",
      "license": "BSD-3-Clause"
    }
  }
}
